Microsoft Visual Studio Solution File, Format Version 12.00
# Visual Studio Version 17
VisualStudioVersion = 17.5.2.0
MinimumVisualStudioVersion = 10.0.40219.1
Project("{FAE04EC0-301F-11D3-BF4B-00C04F79EFBC}") = "Genelib", "Genelib.csproj", "{448B8287-44ED-574F-7B2B-A6058876F427}"
EndProject
Global
	GlobalSection(SolutionConfigurationPlatforms) = preSolution
		Debug|Any CPU = Debug|Any CPU
		Release|Any CPU = Release|Any CPU
	EndGlobalSection
	GlobalSection(ProjectConfigurationPlatforms) = postSolution
		{448B8287-44ED-574F-7B2B-A6058876F427}.Debug|Any CPU.ActiveCfg = Debug|Any CPU
		{448B8287-44ED-574F-7B2B-A6058876F427}.Debug|Any CPU.Build.0 = Debug|Any CPU
		{448B8287-44ED-574F-7B2B-A6058876F427}.Release|Any CPU.ActiveCfg = Release|Any CPU
		{448B8287-44ED-574F-7B2B-A6058876F427}.Release|Any CPU.Build.0 = Release|Any CPU
	EndGlobalSection
	GlobalSection(SolutionProperties) = preSolution
		HideSolutionNode = FALSE
	EndGlobalSection
	GlobalSection(ExtensibilityGlobals) = postSolution
		SolutionGuid = {FF729CE5-6748-4C41-921D-47749CDE58D4}
	EndGlobalSection
EndGlobal
